
Microsoft Visual Studio Solution File, Format Version 12.00
# Visual Studio Version 17
VisualStudioVersion = 17.9.34728.123
MinimumVisualStudioVersion = 10.0.40219.1
Project("{9A19103F-16F7-4668-BE54-9A1E7A4F7556}") = "ChipChipShop.WebApp", "ChipChipShop.WebApp\ChipChipShop.WebApp.csproj", "{D191BFCA-EA2A-487C-A961-3842F37D3921}"
EndProject
Project("{2150E333-8FDC-42A3-9474-1A3956D46DE8}") = "Solution Items", "Solution Items", "{DD1C79F7-7112-46C0-96A2-84A1C3961AA3}"
	ProjectSection(SolutionItems) = preProject
		README.md = README.md
	EndProjectSection
EndProject
Global
	GlobalSection(SolutionConfigurationPlatforms) = preSolution
		Debug|Any CPU = Debug|Any CPU
		Release|Any CPU = Release|Any CPU
	EndGlobalSection
	GlobalSection(ProjectConfigurationPlatforms) = postSolution
		{D191BFCA-EA2A-487C-A961-3842F37D3921}.Debug|Any CPU.ActiveCfg = Debug|Any CPU
		{D191BFCA-EA2A-487C-A961-3842F37D3921}.Debug|Any CPU.Build.0 = Debug|Any CPU
		{D191BFCA-EA2A-487C-A961-3842F37D3921}.Release|Any CPU.ActiveCfg = Release|Any CPU
		{D191BFCA-EA2A-487C-A961-3842F37D3921}.Release|Any CPU.Build.0 = Release|Any CPU
	EndGlobalSection
	GlobalSection(SolutionProperties) = preSolution
		HideSolutionNode = FALSE
	EndGlobalSection
	GlobalSection(ExtensibilityGlobals) = postSolution
		SolutionGuid = {3DC20BB8-806E-436A-A5B6-AA410583FDC8}
	EndGlobalSection
EndGlobal
