
Microsoft Visual Studio Solution File, Format Version 12.00
# Visual Studio Version 17
VisualStudioVersion = 17.11.35312.102
MinimumVisualStudioVersion = 10.0.40219.1
Project("{2150E333-8FDC-42A3-9474-1A3956D46DE8}") = "Solution Items", "Solution Items", "{31A3B21C-2DCB-475C-9E64-3E7ED8735ECF}"
EndProject
Project("{9A19103F-16F7-4668-BE54-9A1E7A4F7556}") = "ChipChipShopSolution.WebApp", "ChipChipShopSolution.WebApp\ChipChipShopSolution.WebApp.csproj", "{0E7DEDEB-CFF2-4106-B94E-45D06C310B49}"
EndProject
Project("{9A19103F-16F7-4668-BE54-9A1E7A4F7556}") = "ChipChipShopSolution.AdminApp", "ChipChipShopSolution.AdminApp\ChipChipShopSolution.AdminApp.csproj", "{3D3A5F2A-2DCF-416D-8B90-252389F420F5}"
EndProject
Project("{2150E333-8FDC-42A3-9474-1A3956D46DE8}") = "1. Infrastructure", "1. Infrastructure", "{8ADC3DE7-611C-412F-B7E8-64BC842262B4}"
EndProject
Project("{9A19103F-16F7-4668-BE54-9A1E7A4F7556}") = "ChipChipShop.ViewModels", "..\..\ChipChipShopAPI\ChipChipShop-API\ChipChipShop.ViewModels\ChipChipShop.ViewModels.csproj", "{6EEE6913-9A95-4515-A702-B7D5A356E618}"
EndProject
Global
	GlobalSection(SolutionConfigurationPlatforms) = preSolution
		Debug|Any CPU = Debug|Any CPU
		Release|Any CPU = Release|Any CPU
	EndGlobalSection
	GlobalSection(ProjectConfigurationPlatforms) = postSolution
		{0E7DEDEB-CFF2-4106-B94E-45D06C310B49}.Debug|Any CPU.ActiveCfg = Debug|Any CPU
		{0E7DEDEB-CFF2-4106-B94E-45D06C310B49}.Debug|Any CPU.Build.0 = Debug|Any CPU
		{0E7DEDEB-CFF2-4106-B94E-45D06C310B49}.Release|Any CPU.ActiveCfg = Release|Any CPU
		{0E7DEDEB-CFF2-4106-B94E-45D06C310B49}.Release|Any CPU.Build.0 = Release|Any CPU
		{3D3A5F2A-2DCF-416D-8B90-252389F420F5}.Debug|Any CPU.ActiveCfg = Debug|Any CPU
		{3D3A5F2A-2DCF-416D-8B90-252389F420F5}.Debug|Any CPU.Build.0 = Debug|Any CPU
		{3D3A5F2A-2DCF-416D-8B90-252389F420F5}.Release|Any CPU.ActiveCfg = Release|Any CPU
		{3D3A5F2A-2DCF-416D-8B90-252389F420F5}.Release|Any CPU.Build.0 = Release|Any CPU
		{6EEE6913-9A95-4515-A702-B7D5A356E618}.Debug|Any CPU.ActiveCfg = Debug|Any CPU
		{6EEE6913-9A95-4515-A702-B7D5A356E618}.Debug|Any CPU.Build.0 = Debug|Any CPU
		{6EEE6913-9A95-4515-A702-B7D5A356E618}.Release|Any CPU.ActiveCfg = Release|Any CPU
		{6EEE6913-9A95-4515-A702-B7D5A356E618}.Release|Any CPU.Build.0 = Release|Any CPU
	EndGlobalSection
	GlobalSection(SolutionProperties) = preSolution
		HideSolutionNode = FALSE
	EndGlobalSection
	GlobalSection(NestedProjects) = preSolution
		{6EEE6913-9A95-4515-A702-B7D5A356E618} = {8ADC3DE7-611C-412F-B7E8-64BC842262B4}
	EndGlobalSection
	GlobalSection(ExtensibilityGlobals) = postSolution
		SolutionGuid = {7919AE68-A1D5-4C8A-89DF-540187401A82}
	EndGlobalSection
EndGlobal
